
Microsoft Visual Studio Solution File, Format Version 12.00
# Visual Studio Version 16
VisualStudioVersion = 16.0.29920.165
MinimumVisualStudioVersion = 10.0.40219.1
Project("{9A19103F-16F7-4668-BE54-9A1E7A4F7556}") = "ClassificadorDeEmpresas.API", "ClassificadorDeEmpresas.API\ClassificadorDeEmpresas.API.csproj", "{EFF6A4F6-0685-4339-A1B6-E00DA062670D}"
EndProject
Project("{FAE04EC0-301F-11D3-BF4B-00C04F79EFBC}") = "ClassificadorDeEmpresas.Tests", "ClassificadorDeEmpresas.Tests\ClassificadorDeEmpresas.Tests.csproj", "{E6FA2983-59AB-4948-9A1C-3C36C5E2126C}"
EndProject
Global
	GlobalSection(SolutionConfigurationPlatforms) = preSolution
		Debug|Any CPU = Debug|Any CPU
		Release|Any CPU = Release|Any CPU
	EndGlobalSection
	GlobalSection(ProjectConfigurationPlatforms) = postSolution
		{EFF6A4F6-0685-4339-A1B6-E00DA062670D}.Debug|Any CPU.ActiveCfg = Debug|Any CPU
		{EFF6A4F6-0685-4339-A1B6-E00DA062670D}.Debug|Any CPU.Build.0 = Debug|Any CPU
		{EFF6A4F6-0685-4339-A1B6-E00DA062670D}.Release|Any CPU.ActiveCfg = Release|Any CPU
		{EFF6A4F6-0685-4339-A1B6-E00DA062670D}.Release|Any CPU.Build.0 = Release|Any CPU
		{E6FA2983-59AB-4948-9A1C-3C36C5E2126C}.Debug|Any CPU.ActiveCfg = Debug|Any CPU
		{E6FA2983-59AB-4948-9A1C-3C36C5E2126C}.Debug|Any CPU.Build.0 = Debug|Any CPU
		{E6FA2983-59AB-4948-9A1C-3C36C5E2126C}.Release|Any CPU.ActiveCfg = Release|Any CPU
		{E6FA2983-59AB-4948-9A1C-3C36C5E2126C}.Release|Any CPU.Build.0 = Release|Any CPU
	EndGlobalSection
	GlobalSection(SolutionProperties) = preSolution
		HideSolutionNode = FALSE
	EndGlobalSection
	GlobalSection(ExtensibilityGlobals) = postSolution
		SolutionGuid = {68C3DB2A-0F13-4063-99DC-0D9F21E57E35}
	EndGlobalSection
EndGlobal
